
Microsoft Visual Studio Solution File, Format Version 12.00
# Visual Studio 15
Project("{FAE04EC0-301F-11D3-BF4B-00C04F79EFBC}") = "XamarinViews.Android", "XamarinViews.Android\XamarinViews.Android.csproj", "{F92449A5-13C4-42A0-A457-AFE7E763C3DB}"
EndProject
Project("{FAE04EC0-301F-11D3-BF4B-00C04F79EFBC}") = "XamarinViews.iOS", "XamarinViews.iOS\XamarinViews.iOS.csproj", "{2382D4B1-3A18-4790-8087-EB3363699364}"
EndProject
Project("{FAE04EC0-301F-11D3-BF4B-00C04F79EFBC}") = "XamarinViews", "XamarinViews\XamarinViews.csproj", "{82473624-E194-45DD-8BFC-07F50A6DBB28}"
EndProject
Global
	GlobalSection(SolutionConfigurationPlatforms) = preSolution
		Debug|Any CPU = Debug|Any CPU
		Release|Any CPU = Release|Any CPU
		Debug|iPhoneSimulator = Debug|iPhoneSimulator
		Release|iPhoneSimulator = Release|iPhoneSimulator
		Debug|iPhone = Debug|iPhone
		Release|iPhone = Release|iPhone
		Ad-Hoc|iPhone = Ad-Hoc|iPhone
		AppStore|iPhone = AppStore|iPhone
	EndGlobalSection
	GlobalSection(ProjectConfigurationPlatforms) = postSolution
		{F92449A5-13C4-42A0-A457-AFE7E763C3DB}.Debug|Any CPU.ActiveCfg = Debug|Any CPU
		{F92449A5-13C4-42A0-A457-AFE7E763C3DB}.Debug|Any CPU.Build.0 = Debug|Any CPU
		{F92449A5-13C4-42A0-A457-AFE7E763C3DB}.Release|Any CPU.ActiveCfg = Release|Any CPU
		{F92449A5-13C4-42A0-A457-AFE7E763C3DB}.Release|Any CPU.Build.0 = Release|Any CPU
		{F92449A5-13C4-42A0-A457-AFE7E763C3DB}.Debug|iPhoneSimulator.ActiveCfg = Debug|Any CPU
		{F92449A5-13C4-42A0-A457-AFE7E763C3DB}.Debug|iPhoneSimulator.Build.0 = Debug|Any CPU
		{F92449A5-13C4-42A0-A457-AFE7E763C3DB}.Release|iPhoneSimulator.ActiveCfg = Release|Any CPU
		{F92449A5-13C4-42A0-A457-AFE7E763C3DB}.Release|iPhoneSimulator.Build.0 = Release|Any CPU
		{F92449A5-13C4-42A0-A457-AFE7E763C3DB}.Debug|iPhone.ActiveCfg = Debug|Any CPU
		{F92449A5-13C4-42A0-A457-AFE7E763C3DB}.Debug|iPhone.Build.0 = Debug|Any CPU
		{F92449A5-13C4-42A0-A457-AFE7E763C3DB}.Release|iPhone.ActiveCfg = Release|Any CPU
		{F92449A5-13C4-42A0-A457-AFE7E763C3DB}.Release|iPhone.Build.0 = Release|Any CPU
		{F92449A5-13C4-42A0-A457-AFE7E763C3DB}.Ad-Hoc|iPhone.ActiveCfg = Debug|Any CPU
		{F92449A5-13C4-42A0-A457-AFE7E763C3DB}.Ad-Hoc|iPhone.Build.0 = Debug|Any CPU
		{F92449A5-13C4-42A0-A457-AFE7E763C3DB}.AppStore|iPhone.ActiveCfg = Debug|Any CPU
		{F92449A5-13C4-42A0-A457-AFE7E763C3DB}.AppStore|iPhone.Build.0 = Debug|Any CPU
		{2382D4B1-3A18-4790-8087-EB3363699364}.Debug|Any CPU.ActiveCfg = Debug|iPhoneSimulator
		{2382D4B1-3A18-4790-8087-EB3363699364}.Debug|Any CPU.Build.0 = Debug|iPhoneSimulator
		{2382D4B1-3A18-4790-8087-EB3363699364}.Release|Any CPU.ActiveCfg = Release|iPhoneSimulator
		{2382D4B1-3A18-4790-8087-EB3363699364}.Release|Any CPU.Build.0 = Release|iPhoneSimulator
		{2382D4B1-3A18-4790-8087-EB3363699364}.Debug|iPhoneSimulator.ActiveCfg = Debug|iPhoneSimulator
		{2382D4B1-3A18-4790-8087-EB3363699364}.Debug|iPhoneSimulator.Build.0 = Debug|iPhoneSimulator
		{2382D4B1-3A18-4790-8087-EB3363699364}.Release|iPhoneSimulator.ActiveCfg = Release|iPhoneSimulator
		{2382D4B1-3A18-4790-8087-EB3363699364}.Release|iPhoneSimulator.Build.0 = Release|iPhoneSimulator
		{2382D4B1-3A18-4790-8087-EB3363699364}.Debug|iPhone.ActiveCfg = Debug|iPhone
		{2382D4B1-3A18-4790-8087-EB3363699364}.Debug|iPhone.Build.0 = Debug|iPhone
		{2382D4B1-3A18-4790-8087-EB3363699364}.Release|iPhone.ActiveCfg = Release|iPhone
		{2382D4B1-3A18-4790-8087-EB3363699364}.Release|iPhone.Build.0 = Release|iPhone
		{2382D4B1-3A18-4790-8087-EB3363699364}.Ad-Hoc|iPhone.ActiveCfg = Ad-Hoc|iPhone
		{2382D4B1-3A18-4790-8087-EB3363699364}.Ad-Hoc|iPhone.Build.0 = Ad-Hoc|iPhone
		{2382D4B1-3A18-4790-8087-EB3363699364}.AppStore|iPhone.ActiveCfg = AppStore|iPhone
		{2382D4B1-3A18-4790-8087-EB3363699364}.AppStore|iPhone.Build.0 = AppStore|iPhone
		{82473624-E194-45DD-8BFC-07F50A6DBB28}.Debug|Any CPU.ActiveCfg = Debug|Any CPU
		{82473624-E194-45DD-8BFC-07F50A6DBB28}.Debug|Any CPU.Build.0 = Debug|Any CPU
		{82473624-E194-45DD-8BFC-07F50A6DBB28}.Release|Any CPU.ActiveCfg = Release|Any CPU
		{82473624-E194-45DD-8BFC-07F50A6DBB28}.Release|Any CPU.Build.0 = Release|Any CPU
		{82473624-E194-45DD-8BFC-07F50A6DBB28}.Debug|iPhoneSimulator.ActiveCfg = Debug|Any CPU
		{82473624-E194-45DD-8BFC-07F50A6DBB28}.Debug|iPhoneSimulator.Build.0 = Debug|Any CPU
		{82473624-E194-45DD-8BFC-07F50A6DBB28}.Release|iPhoneSimulator.ActiveCfg = Release|Any CPU
		{82473624-E194-45DD-8BFC-07F50A6DBB28}.Release|iPhoneSimulator.Build.0 = Release|Any CPU
		{82473624-E194-45DD-8BFC-07F50A6DBB28}.Debug|iPhone.ActiveCfg = Debug|Any CPU
		{82473624-E194-45DD-8BFC-07F50A6DBB28}.Debug|iPhone.Build.0 = Debug|Any CPU
		{82473624-E194-45DD-8BFC-07F50A6DBB28}.Release|iPhone.ActiveCfg = Release|Any CPU
		{82473624-E194-45DD-8BFC-07F50A6DBB28}.Release|iPhone.Build.0 = Release|Any CPU
		{82473624-E194-45DD-8BFC-07F50A6DBB28}.Ad-Hoc|iPhone.ActiveCfg = Debug|Any CPU
		{82473624-E194-45DD-8BFC-07F50A6DBB28}.Ad-Hoc|iPhone.Build.0 = Debug|Any CPU
		{82473624-E194-45DD-8BFC-07F50A6DBB28}.AppStore|iPhone.ActiveCfg = Debug|Any CPU
		{82473624-E194-45DD-8BFC-07F50A6DBB28}.AppStore|iPhone.Build.0 = Debug|Any CPU
	EndGlobalSection
EndGlobal
